
Microsoft Visual Studio Solution File, Format Version 12.00
# Visual Studio 15
VisualStudioVersion = 15.0.28307.1705
MinimumVisualStudioVersion = 10.0.40219.1
Project("{FAE04EC0-301F-11D3-BF4B-00C04F79EFBC}") = "Ejer01Get_Set", "Ejer01Get_Set\Ejer01Get_Set.csproj", "{B238F00B-0D17-4ADA-96E3-C0ADE588A20F}"
EndProject
Global
	GlobalSection(SolutionConfigurationPlatforms) = preSolution
		Debug|Any CPU = Debug|Any CPU
		Release|Any CPU = Release|Any CPU
	EndGlobalSection
	GlobalSection(ProjectConfigurationPlatforms) = postSolution
		{B238F00B-0D17-4ADA-96E3-C0ADE588A20F}.Debug|Any CPU.ActiveCfg = Debug|Any CPU
		{B238F00B-0D17-4ADA-96E3-C0ADE588A20F}.Debug|Any CPU.Build.0 = Debug|Any CPU
		{B238F00B-0D17-4ADA-96E3-C0ADE588A20F}.Release|Any CPU.ActiveCfg = Release|Any CPU
		{B238F00B-0D17-4ADA-96E3-C0ADE588A20F}.Release|Any CPU.Build.0 = Release|Any CPU
	EndGlobalSection
	GlobalSection(SolutionProperties) = preSolution
		HideSolutionNode = FALSE
	EndGlobalSection
	GlobalSection(ExtensibilityGlobals) = postSolution
		SolutionGuid = {F99EF740-1496-430B-83C9-893A90B10F59}
	EndGlobalSection
EndGlobal
